// !$*UTF8*$!
{
	archiveVersion = 1;
	classes = {
	};
	objectVersion = 50;
	objects = {

/* Begin PBXBuildFile section */
		6D694DBA215B17D4001CC3DE /* AppDelegate.swift in Sources */ = {isa = PBXBuildFile; fileRef = 6D694DB9215B17D4001CC3DE /* AppDelegate.swift */; };
		6D694DBC215B17D4001CC3DE /* ViewController.swift in Sources */ = {isa = PBXBuildFile; fileRef = 6D694DBB215B17D4001CC3DE /* ViewController.swift */; };
		6D694DBF215B17D5001CC3DE /* Main.storyboard in Resources */ = {isa = PBXBuildFile; fileRef = 6D694DBD215B17D5001CC3DE /* Main.storyboard */; };
		6D694DC1215B17EF001CC3DE /* Assets.xcassets in Resources */ = {isa = PBXBuildFile; fileRef = 6D694DC0215B17EF001CC3DE /* Assets.xcassets */; };
		6D694DC4215B17EF001CC3DE /* LaunchScreen.storyboard in Resources */ = {isa = PBXBuildFile; fileRef = 6D694DC2215B17EF001CC3DE /* LaunchScreen.storyboard */; };
		6D694DCC215B191E001CC3DE /* JWebViewController.swift in Sources */ = {isa = PBXBuildFile; fileRef = 6D694DCB215B191E001CC3DE /* JWebViewController.swift */; };
/* End PBXBuildFile section */

/* Begin PBXFileReference section */
		6D694DB6215B17D4001CC3DE /* JSBridgeTest.app */ = {isa = PBXFileReference; explicitFileType = wrapper.application; includeInIndex = 0; path = JSBridgeTest.app; sourceTree = BUILT_PRODUCTS_DIR; };
		6D694DB9215B17D4001CC3DE /* AppDelegate.swift */ = {isa = PBXFileReference; lastKnownFileType = sourcecode.swift; path = AppDelegate.swift; sourceTree = "<group>"; };
		6D694DBB215B17D4001CC3DE /* ViewController.swift */ = {isa = PBXFileReference; lastKnownFileType = sourcecode.swift; path = ViewController.swift; sourceTree = "<group>"; };
		6D694DBE215B17D5001CC3DE /* Base */ = {isa = PBXFileReference; lastKnownFileType = file.storyboard; name = Base; path = Base.lproj/Main.storyboard; sourceTree = "<group>"; };
		6D694DC0215B17EF001CC3DE /* Assets.xcassets */ = {isa = PBXFileReference; lastKnownFileType = folder.assetcatalog; path = Assets.xcassets; sourceTree = "<group>"; };
		6D694DC3215B17EF001CC3DE /* Base */ = {isa = PBXFileReference; lastKnownFileType = file.storyboard; name = Base; path = Base.lproj/LaunchScreen.storyboard; sourceTree = "<group>"; };
		6D694DC5215B17EF001CC3DE /* Info.plist */ = {isa = PBXFileReference; lastKnownFileType = text.plist.xml; path = Info.plist; sourceTree = "<group>"; };
		6D694DCB215B191E001CC3DE /* JWebViewController.swift */ = {isa = PBXFileReference; lastKnownFileType = sourcecode.swift; path = JWebViewController.swift; sourceTree = "<group>"; };
/* End PBXFileReference section */

/* Begin PBXFrameworksBuildPhase section */
		6D694DB3215B17D4001CC3DE /* Frameworks */ = {
			isa = PBXFrameworksBuildPhase;
			buildActionMask = 2147483647;
			files = (
			);
			runOnlyForDeploymentPostprocessing = 0;
		};
/* End PBXFrameworksBuildPhase section */

/* Begin PBXGroup section */
		6D694DAD215B17D4001CC3DE = {
			isa = PBXGroup;
			children = (
				6D694DB8215B17D4001CC3DE /* JSBridgeTest */,
				6D694DB7215B17D4001CC3DE /* Products */,
			);
			sourceTree = "<group>";
		};
		6D694DB7215B17D4001CC3DE /* Products */ = {
			isa = PBXGroup;
			children = (
				6D694DB6215B17D4001CC3DE /* JSBridgeTest.app */,
			);
			name = Products;
			sourceTree = "<group>";
		};
		6D694DB8215B17D4001CC3DE /* JSBridgeTest */ = {
			isa = PBXGroup;
			children = (
				6D694DB9215B17D4001CC3DE /* AppDelegate.swift */,
				6D694DBB215B17D4001CC3DE /* ViewController.swift */,
				6D694DBD215B17D5001CC3DE /* Main.storyboard */,
				6D694DC0215B17EF001CC3DE /* Assets.xcassets */,
				6D694DC2215B17EF001CC3DE /* LaunchScreen.storyboard */,
				6D694DC5215B17EF001CC3DE /* Info.plist */,
				6D694DCB215B191E001CC3DE /* JWebViewController.swift */,
			);
			path = JSBridgeTest;
			sourceTree = "<group>";
		};
/* End PBXGroup section */

/* Begin PBXNativeTarget section */
		6D694DB5215B17D4001CC3DE /* JSBridgeTest */ = {
			isa = PBXNativeTarget;
			buildConfigurationList = 6D694DC8215B17EF001CC3DE /* Build configuration list for PBXNativeTarget "JSBridgeTest" */;
			buildPhases = (
				6D694DB2215B17D4001CC3DE /* Sources */,
				6D694DB3215B17D4001CC3DE /* Frameworks */,
				6D694DB4215B17D4001CC3DE /* Resources */,
			);
			buildRules = (
			);
			dependencies = (
			);
			name = JSBridgeTest;
			productName = JSBridgeTest;
			productReference = 6D694DB6215B17D4001CC3DE /* JSBridgeTest.app */;
			productType = "com.apple.product-type.application";
		};
/* End PBXNativeTarget section */

/* Begin PBXProject section */
		6D694DAE215B17D4001CC3DE /* Project object */ = {
			isa = PBXProject;
			attributes = {
				LastSwiftUpdateCheck = 1000;
				LastUpgradeCheck = 1000;
				ORGANIZATIONNAME = GCI;
				TargetAttributes = {
					6D694DB5215B17D4001CC3DE = {
						CreatedOnToolsVersion = 10.0;
					};
				};
			};
			buildConfigurationList = 6D694DB1215B17D4001CC3DE /* Build configuration list for PBXProject "JSBridgeTest" */;
			compatibilityVersion = "Xcode 9.3";
			developmentRegion = en;
			hasScannedForEncodings = 0;
			knownRegions = (
				en,
				Base,
			);
			mainGroup = 6D694DAD215B17D4001CC3DE;
			productRefGroup = 6D694DB7215B17D4001CC3DE /* Products */;
			projectDirPath = "";
			projectRoot = "";
			targets = (
				6D694DB5215B17D4001CC3DE /* JSBridgeTest */,
			);
		};
/* End PBXProject section */

/* Begin PBXResourcesBuildPhase section */
		6D694DB4215B17D4001CC3DE /* Resources */ = {
			isa = PBXResourcesBuildPhase;
			buildActionMask = 2147483647;
			files = (
				6D694DC4215B17EF001CC3DE /* LaunchScreen.storyboard in Resources */,
				6D694DC1215B17EF001CC3DE /* Assets.xcassets in Resources */,
				6D694DBF215B17D5001CC3DE /* Main.storyboard in Resources */,
			);
			runOnlyForDeploymentPostprocessing = 0;
		};
/* End PBXResourcesBuildPhase section */

/* Begin PBXSourcesBuildPhase section */
		6D694DB2215B17D4001CC3DE /* Sources */ = {
			isa = PBXSourcesBuildPhase;
			buildActionMask = 2147483647;
			files = (
				6D694DCC215B191E001CC3DE /* JWebViewController.swift in Sources */,
				6D694DBC215B17D4001CC3DE /* ViewController.swift in Sources */,
				6D694DBA215B17D4001CC3DE /* AppDelegate.swift in Sources */,
			);
			runOnlyForDeploymentPostprocessing = 0;
		};
/* End PBXSourcesBuildPhase section */

/* Begin PBXVariantGroup section */
		6D694DBD215B17D5001CC3DE /* Main.storyboard */ = {
			isa = PBXVariantGroup;
			children = (
				6D694DBE215B17D5001CC3DE /* Base */,
			);
			name = Main.storyboard;
			sourceTree = "<group>";
		};
		6D694DC2215B17EF001CC3DE /* LaunchScreen.storyboard */ = {
			isa = PBXVariantGroup;
			children = (
				6D694DC3215B17EF001CC3DE /* Base */,
			);
			name = LaunchScreen.storyboard;
			sourceTree = "<group>";
		};
/* End PBXVariantGroup section */

/* Begin XCBuildConfiguration section */
		6D694DC6215B17EF001CC3DE /* Debug */ = {
			isa = XCBuildConfiguration;
			buildSettings = {
				ALWAYS_SEARCH_USER_PATHS = NO;
				CLANG_ANALYZER_NONNULL = YES;
				CLANG_ANALYZER_NUMBER_OBJECT_CONVERSION = YES_AGGRESSIVE;
				CLANG_CXX_LANGUAGE_STANDARD = "gnu++14";
				CLANG_CXX_LIBRARY = "libc++";
				CLANG_ENABLE_MODULES = YES;
				CLANG_ENABLE_OBJC_ARC = YES;
				CLANG_ENABLE_OBJC_WEAK = YES;
				CLANG_WARN_BLOCK_CAPTURE_AUTORELEASING = YES;
				CLANG_WARN_BOOL_CONVERSION = YES;
				CLANG_WARN_COMMA = YES;
				CLANG_WARN_CONSTANT_CONVERSION = YES;
				CLANG_WARN_DEPRECATED_OBJC_IMPLEMENTATIONS = YES;
				CLANG_WARN_DIRECT_OBJC_ISA_USAGE = YES_ERROR;
				CLANG_WARN_DOCUMENTATION_COMMENTS = YES;
				CLANG_WARN_EMPTY_BODY = YES;
				CLANG_WARN_ENUM_CONVERSION = YES;
				CLANG_WARN_INFINITE_RECURSION = YES;
				CLANG_WARN_INT_CONVERSION = YES;
				CLANG_WARN_NON_LITERAL_NULL_CONVERSION = YES;
				CLANG_WARN_OBJC_IMPLICIT_RETAIN_SELF = YES;
				CLANG_WARN_OBJC_LITERAL_CONVERSION = YES;
				CLANG_WARN_OBJC_ROOT_CLASS = YES_ERROR;
				CLANG_WARN_RANGE_LOOP_ANALYSIS = YES;
				CLANG_WARN_STRICT_PROTOTYPES = YES;
				CLANG_WARN_SUSPICIOUS_MOVE = YES;
				CLANG_WARN_UNGUARDED_AVAILABILITY = YES_AGGRESSIVE;
				CLANG_WARN_UNREACHABLE_CODE = YES;
				CLANG_WARN__DUPLICATE_METHOD_MATCH = YES;
				CODE_SIGN_IDENTITY = "iPhone Developer";
				COPY_PHASE_STRIP = NO;
				DEBUG_INFORMATION_FORMAT = dwarf;
				ENABLE_STRICT_OBJC_MSGSEND = YES;
				ENABLE_TESTABILITY = YES;
				GCC_C_LANGUAGE_STANDARD = gnu11;
				GCC_DYNAMIC_NO_PIC = NO;
				GCC_NO_COMMON_BLOCKS = YES;
				GCC_OPTIMIZATION_LEVEL = 0;
				GCC_PREPROCESSOR_DEFINITIONS = (
					"DEBUG=1",
					"$(inherited)",
				);
				GCC_WARN_64_TO_32_BIT_CONVERSION = YES;
				GCC_WARN_ABOUT_RETURN_TYPE = YES_ERROR;
				GCC_WARN_UNDECLARED_SELECTOR = YES;
				GCC_WARN_UNINITIALIZED_AUTOS = YES_AGGRESSIVE;
				GCC_WARN_UNUSED_FUNCTION = YES;
				GCC_WARN_UNUSED_VARIABLE = YES;
				IPHONEOS_DEPLOYMENT_TARGET = 12.0;
				MTL_ENABLE_DEBUG_INFO = INCLUDE_SOURCE;
				MTL_FAST_MATH = YES;
				ONLY_ACTIVE_ARCH = YES;
				SDKROOT = iphoneos;
				SWIFT_ACTIVE_COMPILATION_CONDITIONS = DEBUG;
				SWIFT_OPTIMIZATION_LEVEL = "-Onone";
			};
			name = Debug;
		};
		6D694DC7215B17EF001CC3DE /* Release */ = {
			isa = XCBuildConfiguration;
			buildSettings = {
				ALWAYS_SEARCH_USER_PATHS = NO;
				CLANG_ANALYZER_NONNULL = YES;
				CLANG_ANALYZER_NUMBER_OBJECT_CONVERSION = YES_AGGRESSIVE;
				CLANG_CXX_LANGUAGE_STANDARD = "gnu++14";
				CLANG_CXX_LIBRARY = "libc++";
				CLANG_ENABLE_MODULES = YES;
				CLANG_ENABLE_OBJC_ARC = YES;
				CLANG_ENABLE_OBJC_WEAK = YES;
				CLANG_WARN_BLOCK_CAPTURE_AUTORELEASING = YES;
				CLANG_WARN_BOOL_CONVERSION = YES;
				CLANG_WARN_COMMA = YES;
				CLANG_WARN_CONSTANT_CONVERSION = YES;
				CLANG_WARN_DEPRECATED_OBJC_IMPLEMENTATIONS = YES;
				CLANG_WARN_DIRECT_OBJC_ISA_USAGE = YES_ERROR;
				CLANG_WARN_DOCUMENTATION_COMMENTS = YES;
				CLANG_WARN_EMPTY_BODY = YES;
				CLANG_WARN_ENUM_CONVERSION = YES;
				CLANG_WARN_INFINITE_RECURSION = YES;
				CLANG_WARN_INT_CONVERSION = YES;
				CLANG_WARN_NON_LITERAL_NULL_CONVERSION = YES;
				CLANG_WARN_OBJC_IMPLICIT_RETAIN_SELF = YES;
				CLANG_WARN_OBJC_LITERAL_CONVERSION = YES;
				CLANG_WARN_OBJC_ROOT_CLASS = YES_ERROR;
				CLANG_WARN_RANGE_LOOP_ANALYSIS = YES;
				CLANG_WARN_STRICT_PROTOTYPES = YES;
				CLANG_WARN_SUSPICIOUS_MOVE = YES;
				CLANG_WARN_UNGUARDED_AVAILABILITY = YES_AGGRESSIVE;
				CLANG_WARN_UNREACHABLE_CODE = YES;
				CLANG_WARN__DUPLICATE_METHOD_MATCH = YES;
				CODE_SIGN_IDENTITY = "iPhone Developer";
				COPY_PHASE_STRIP = NO;
				DEBUG_INFORMATION_FORMAT = "dwarf-with-dsym";
				ENABLE_NS_ASSERTIONS = NO;
				ENABLE_STRICT_OBJC_MSGSEND = YES;
				GCC_C_LANGUAGE_STANDARD = gnu11;
				GCC_NO_COMMON_BLOCKS = YES;
				GCC_WARN_64_TO_32_BIT_CONVERSION = YES;
				GCC_WARN_ABOUT_RETURN_TYPE = YES_ERROR;
				GCC_WARN_UNDECLARED_SELECTOR = YES;
				GCC_WARN_UNINITIALIZED_AUTOS = YES_AGGRESSIVE;
				GCC_WARN_UNUSED_FUNCTION = YES;
				GCC_WARN_UNUSED_VARIABLE = YES;
				IPHONEOS_DEPLOYMENT_TARGET = 12.0;
				MTL_ENABLE_DEBUG_INFO = NO;
				MTL_FAST_MATH = YES;
				SDKROOT = iphoneos;
				SWIFT_COMPILATION_MODE = wholemodule;
				SWIFT_OPTIMIZATION_LEVEL = "-O";
				VALIDATE_PRODUCT = YES;
			};
			name = Release;
		};
		6D694DC9215B17EF001CC3DE /* Debug */ = {
			isa = XCBuildConfiguration;
			buildSettings = {
				ASSETCATALOG_COMPILER_APPICON_NAME = AppIcon;
				CODE_SIGN_STYLE = Automatic;
				DEVELOPMENT_TEAM = HKZ94N2PPE;
				INFOPLIST_FILE = JSBridgeTest/Info.plist;
				IPHONEOS_DEPLOYMENT_TARGET = 11.4;
				LD_RUNPATH_SEARCH_PATHS = (
					"$(inherited)",
					"@executable_path/Frameworks",
				);
				PRODUCT_BUNDLE_IDENTIFIER = com.gzticc.xxt.JSBridgeTest;
				PRODUCT_NAME = "$(TARGET_NAME)";
				SWIFT_VERSION = 4.2;
				TARGETED_DEVICE_FAMILY = "1,2";
			};
			name = Debug;
		};
		6D694DCA215B17EF001CC3DE /* Release */ = {
			isa = XCBuildConfiguration;
			buildSettings = {
				ASSETCATALOG_COMPILER_APPICON_NAME = AppIcon;
				CODE_SIGN_STYLE = Automatic;
				DEVELOPMENT_TEAM = HKZ94N2PPE;
				INFOPLIST_FILE = JSBridgeTest/Info.plist;
				IPHONEOS_DEPLOYMENT_TARGET = 11.4;
				LD_RUNPATH_SEARCH_PATHS = (
					"$(inherited)",
					"@executable_path/Frameworks",
				);
				PRODUCT_BUNDLE_IDENTIFIER = com.gzticc.xxt.JSBridgeTest;
				PRODUCT_NAME = "$(TARGET_NAME)";
				SWIFT_VERSION = 4.2;
				TARGETED_DEVICE_FAMILY = "1,2";
			};
			name = Release;
		};
/* End XCBuildConfiguration section */

/* Begin XCConfigurationList section */
		6D694DB1215B17D4001CC3DE /* Build configuration list for PBXProject "JSBridgeTest" */ = {
			isa = XCConfigurationList;
			buildConfigurations = (
				6D694DC6215B17EF001CC3DE /* Debug */,
				6D694DC7215B17EF001CC3DE /* Release */,
			);
			defaultConfigurationIsVisible = 0;
			defaultConfigurationName = Release;
		};
		6D694DC8215B17EF001CC3DE /* Build configuration list for PBXNativeTarget "JSBridgeTest" */ = {
			isa = XCConfigurationList;
			buildConfigurations = (
				6D694DC9215B17EF001CC3DE /* Debug */,
				6D694DCA215B17EF001CC3DE /* Release */,
			);
			defaultConfigurationIsVisible = 0;
			defaultConfigurationName = Release;
		};
/* End XCConfigurationList section */
	};
	rootObject = 6D694DAE215B17D4001CC3DE /* Project object */;
}
